
Microsoft Visual Studio Solution File, Format Version 12.00
# Visual Studio Version 16
VisualStudioVersion = 16.0.30413.136
MinimumVisualStudioVersion = 10.0.40219.1
Project("{FAE04EC0-301F-11D3-BF4B-00C04F79EFBC}") = "CsdlToDiagram", "CsdlToDiagram.csproj", "{7B19C1CF-BE14-43B7-BB74-FD259A8E3F5C}"
EndProject
Global
	GlobalSection(SolutionConfigurationPlatforms) = preSolution
		Debug|Any CPU = Debug|Any CPU
		Release|Any CPU = Release|Any CPU
	EndGlobalSection
	GlobalSection(ProjectConfigurationPlatforms) = postSolution
		{7B19C1CF-BE14-43B7-BB74-FD259A8E3F5C}.Debug|Any CPU.ActiveCfg = Debug|Any CPU
		{7B19C1CF-BE14-43B7-BB74-FD259A8E3F5C}.Debug|Any CPU.Build.0 = Debug|Any CPU
		{7B19C1CF-BE14-43B7-BB74-FD259A8E3F5C}.Release|Any CPU.ActiveCfg = Release|Any CPU
		{7B19C1CF-BE14-43B7-BB74-FD259A8E3F5C}.Release|Any CPU.Build.0 = Release|Any CPU
	EndGlobalSection
	GlobalSection(SolutionProperties) = preSolution
		HideSolutionNode = FALSE
	EndGlobalSection
	GlobalSection(ExtensibilityGlobals) = postSolution
		SolutionGuid = {22D41408-9F62-4A9F-B207-3D618533FD0E}
	EndGlobalSection
EndGlobal
